// !$*UTF8*$!
{
	archiveVersion = 1;
	classes = {
	};
	objectVersion = 77;
	objects = {

/* Begin PBXBuildFile section */
		0E2B3AB22F658FC9006E6D41 /* GRDB in Frameworks */ = {isa = PBXBuildFile; productRef = 0E2B3AB12F658FC9006E6D41 /* GRDB */; };
		AABB000AAABB000AAABB000A /* YomiWidget.appex in Embed Foundation Extensions */ = {isa = PBXBuildFile; fileRef = AABB0001AABB0001AABB0001 /* YomiWidget.appex */; settings = {ATTRIBUTES = (RemoveHeadersOnCopy, ); }; };
		EE235E1803F24911AB5E4646 /* Kingfisher in Frameworks */ = {isa = PBXBuildFile; productRef = 514D11379D494BB1B5834DDA /* Kingfisher */; };
/* End PBXBuildFile section */

/* Begin PBXContainerItemProxy section */
		AABB000DAABB000DAABB000D /* PBXContainerItemProxy */ = {
			isa = PBXContainerItemProxy;
			containerPortal = 0EE530C52F64CF600074B935 /* Project object */;
			proxyType = 1;
			remoteGlobalIDString = AABB0002AABB0002AABB0002;
			remoteInfo = YomiWidget;
		};
/* End PBXContainerItemProxy section */

/* Begin PBXCopyFilesBuildPhase section */
		AABB000BAABB000BAABB000B /* Embed Foundation Extensions */ = {
			isa = PBXCopyFilesBuildPhase;
			buildActionMask = 2147483647;
			dstPath = "";
			dstSubfolderSpec = 13;
			files = (
				AABB000AAABB000AAABB000A /* YomiWidget.appex in Embed Foundation Extensions */,
			);
			name = "Embed Foundation Extensions";
			runOnlyForDeploymentPostprocessing = 0;
		};
/* End PBXCopyFilesBuildPhase section */

/* Begin PBXFileReference section */
		0EE530CD2F64CF600074B935 /* Yomi.app */ = {isa = PBXFileReference; explicitFileType = wrapper.application; includeInIndex = 0; path = Yomi.app; sourceTree = BUILT_PRODUCTS_DIR; };
		AABB0001AABB0001AABB0001 /* YomiWidget.appex */ = {isa = PBXFileReference; explicitFileType = "wrapper.app-extension"; includeInIndex = 0; path = YomiWidget.appex; sourceTree = BUILT_PRODUCTS_DIR; };
/* End PBXFileReference section */

/* Begin PBXFileSystemSynchronizedBuildFileExceptionSet section */
		0EFAD6B52F844D91005DBC92 /* Exceptions for "Yomi" folder in "Yomi" target */ = {
			isa = PBXFileSystemSynchronizedBuildFileExceptionSet;
			membershipExceptions = (
				Info.plist,
				Resources/aquamanga.js,
				Resources/asurascans.js,
				Resources/babelnovel.js,
				Resources/boxnovel.js,
				Resources/comick.js,
				Resources/freewebnovel.js,
				Resources/lightnovelpub.js,
				Resources/mangadex.js,
				Resources/mtlnovel.js,
				Resources/novelbin.js,
				Resources/novelfire.js,
				Resources/novelhall.js,
				Resources/readwn.js,
				Resources/royalroad.js,
				Resources/scribblehub.js,
				"Resources/test-source.js",
				"design/DESIGN_HANDOFF.md",
				"design/DESIGN_SYSTEM.md",
				"design/DESIGN_RESEARCH.md",
				"design/design_handoff_yomi/YOMI Screens.dc.html",
				"design/design_handoff_yomi/ios-frame.jsx",
				"design/design_handoff_yomi/support.js",
				"design/design_handoff_yomi/HANDOFF_NOTES.md",
				"design/design_handoff_yomi/assets/AppIcon-Ink.png",
				"design/design_handoff_yomi/assets/AppIcon-Paper.png",
				"design/icons/A1_layer_bg.png",
				"design/icons/A1_layer_mark.png",
				"design/icons/A1_layer_white.png",
				"design/icons/AppIcon-Ink-1024.png",
				"design/icons/AppIcon-Paper-1024.png",
				"design/icons/ICONS_NOTES.md",
				"design/icons/Y-outlined.svg",
				"design/icons/icon_A1_principal.png",
				"design/icons/icon_A3_alt.png",
				"design/icons/icon_lavender.png",
				"design/icons/icon_paper.png",
				"design/icons/icon_teal.png",
				"design/icons/layers/Ink-bg.png",
				"design/icons/layers/Ink-mark.png",
				"design/icons/layers/Ink-white.png",
				"design/icons/layers/Paper-bg.png",
				"design/icons/layers/Paper-mark.png",
				"design/icons/layers/Paper-white.png",
			);
			target = 0EE530CC2F64CF600074B935 /* Yomi */;
		};
		AABB000FAABB000FAABB000F /* Exceptions for "YomiWidget" folder in "YomiWidget" target */ = {
			isa = PBXFileSystemSynchronizedBuildFileExceptionSet;
			membershipExceptions = (
				Info.plist,
			);
			target = AABB0002AABB0002AABB0002 /* YomiWidget */;
		};
/* End PBXFileSystemSynchronizedBuildFileExceptionSet section */

/* Begin PBXFileSystemSynchronizedRootGroup section */
		0EE530CF2F64CF600074B935 /* Yomi */ = {
			isa = PBXFileSystemSynchronizedRootGroup;
			exceptions = (
				0EFAD6B52F844D91005DBC92 /* Exceptions for "Yomi" folder in "Yomi" target */,
			);
			path = Yomi;
			sourceTree = "<group>";
		};
		AABB0009AABB0009AABB0009 /* YomiWidget */ = {
			isa = PBXFileSystemSynchronizedRootGroup;
			exceptions = (
				AABB000FAABB000FAABB000F /* Exceptions for "YomiWidget" folder in "YomiWidget" target */,
			);
			path = YomiWidget;
			sourceTree = "<group>";
		};
/* End PBXFileSystemSynchronizedRootGroup section */

/* Begin PBXFrameworksBuildPhase section */
		0EE530CA2F64CF600074B935 /* Frameworks */ = {
			isa = PBXFrameworksBuildPhase;
			buildActionMask = 2147483647;
			files = (
				0E2B3AB22F658FC9006E6D41 /* GRDB in Frameworks */,
				EE235E1803F24911AB5E4646 /* Kingfisher in Frameworks */,
			);
			runOnlyForDeploymentPostprocessing = 0;
		};
		AABB0004AABB0004AABB0004 /* Frameworks */ = {
			isa = PBXFrameworksBuildPhase;
			buildActionMask = 2147483647;
			files = (
			);
			runOnlyForDeploymentPostprocessing = 0;
		};
/* End PBXFrameworksBuildPhase section */

/* Begin PBXGroup section */
		0EE530C42F64CF600074B935 = {
			isa = PBXGroup;
			children = (
				0EE530CF2F64CF600074B935 /* Yomi */,
				AABB0009AABB0009AABB0009 /* YomiWidget */,
				0EE530CE2F64CF600074B935 /* Products */,
			);
			sourceTree = "<group>";
		};
		0EE530CE2F64CF600074B935 /* Products */ = {
			isa = PBXGroup;
			children = (
				0EE530CD2F64CF600074B935 /* Yomi.app */,
				AABB0001AABB0001AABB0001 /* YomiWidget.appex */,
			);
			name = Products;
			sourceTree = "<group>";
		};
/* End PBXGroup section */

/* Begin PBXNativeTarget section */
		0EE530CC2F64CF600074B935 /* Yomi */ = {
			isa = PBXNativeTarget;
			buildConfigurationList = 0EE530D82F64CF610074B935 /* Build configuration list for PBXNativeTarget "Yomi" */;
			buildPhases = (
				0EE530C92F64CF600074B935 /* Sources */,
				0EE530CA2F64CF600074B935 /* Frameworks */,
				0EE530CB2F64CF600074B935 /* Resources */,
				AABB000BAABB000BAABB000B /* Embed Foundation Extensions */,
			);
			buildRules = (
			);
			dependencies = (
				AABB000CAABB000CAABB000C /* PBXTargetDependency */,
			);
			fileSystemSynchronizedGroups = (
				0EE530CF2F64CF600074B935 /* Yomi */,
			);
			name = Yomi;
			packageProductDependencies = (
				0E2B3AB12F658FC9006E6D41 /* GRDB */,
				514D11379D494BB1B5834DDA /* Kingfisher */,
			);
			productName = Yomi;
			productReference = 0EE530CD2F64CF600074B935 /* Yomi.app */;
			productType = "com.apple.product-type.application";
		};
		AABB0002AABB0002AABB0002 /* YomiWidget */ = {
			isa = PBXNativeTarget;
			buildConfigurationList = AABB0008AABB0008AABB0008 /* Build configuration list for PBXNativeTarget "YomiWidget" */;
			buildPhases = (
				AABB0003AABB0003AABB0003 /* Sources */,
				AABB0004AABB0004AABB0004 /* Frameworks */,
				AABB0005AABB0005AABB0005 /* Resources */,
			);
			buildRules = (
			);
			dependencies = (
			);
			fileSystemSynchronizedGroups = (
				AABB0009AABB0009AABB0009 /* YomiWidget */,
			);
			name = YomiWidget;
			packageProductDependencies = (
			);
			productName = YomiWidget;
			productReference = AABB0001AABB0001AABB0001 /* YomiWidget.appex */;
			productType = "com.apple.product-type.app-extension";
		};
/* End PBXNativeTarget section */

/* Begin PBXProject section */
		0EE530C52F64CF600074B935 /* Project object */ = {
			isa = PBXProject;
			attributes = {
				BuildIndependentTargetsInParallel = 1;
				LastSwiftUpdateCheck = 2630;
				LastUpgradeCheck = 2650;
				TargetAttributes = {
					0EE530CC2F64CF600074B935 = {
						CreatedOnToolsVersion = 26.3;
					};
					AABB0002AABB0002AABB0002 = {
						CreatedOnToolsVersion = 26.3;
					};
				};
			};
			buildConfigurationList = 0EE530C82F64CF600074B935 /* Build configuration list for PBXProject "Yomi" */;
			developmentRegion = en;
			hasScannedForEncodings = 0;
			knownRegions = (
				en,
				Base,
			);
			mainGroup = 0EE530C42F64CF600074B935;
			minimizedProjectReferenceProxies = 1;
			packageReferences = (
				0E2B3AB02F658FC9006E6D41 /* XCRemoteSwiftPackageReference "GRDB" */,
				9BD83372FC5C47E0A7DCBBB8 /* XCRemoteSwiftPackageReference "Kingfisher" */,
			);
			preferredProjectObjectVersion = 77;
			productRefGroup = 0EE530CE2F64CF600074B935 /* Products */;
			projectDirPath = "";
			projectRoot = "";
			targets = (
				0EE530CC2F64CF600074B935 /* Yomi */,
				AABB0002AABB0002AABB0002 /* YomiWidget */,
			);
		};
/* End PBXProject section */

/* Begin PBXResourcesBuildPhase section */
		0EE530CB2F64CF600074B935 /* Resources */ = {
			isa = PBXResourcesBuildPhase;
			buildActionMask = 2147483647;
			files = (
			);
			runOnlyForDeploymentPostprocessing = 0;
		};
		AABB0005AABB0005AABB0005 /* Resources */ = {
			isa = PBXResourcesBuildPhase;
			buildActionMask = 2147483647;
			files = (
			);
			runOnlyForDeploymentPostprocessing = 0;
		};
/* End PBXResourcesBuildPhase section */

/* Begin PBXSourcesBuildPhase section */
		0EE530C92F64CF600074B935 /* Sources */ = {
			isa = PBXSourcesBuildPhase;
			buildActionMask = 2147483647;
			files = (
			);
			runOnlyForDeploymentPostprocessing = 0;
		};
		AABB0003AABB0003AABB0003 /* Sources */ = {
			isa = PBXSourcesBuildPhase;
			buildActionMask = 2147483647;
			files = (
			);
			runOnlyForDeploymentPostprocessing = 0;
		};
/* End PBXSourcesBuildPhase section */

/* Begin PBXTargetDependency section */
		AABB000CAABB000CAABB000C /* PBXTargetDependency */ = {
			isa = PBXTargetDependency;
			target = AABB0002AABB0002AABB0002 /* YomiWidget */;
			targetProxy = AABB000DAABB000DAABB000D /* PBXContainerItemProxy */;
		};
/* End PBXTargetDependency section */

/* Begin XCBuildConfiguration section */
		0EE530D62F64CF610074B935 /* Debug */ = {
			isa = XCBuildConfiguration;
			buildSettings = {
				ALWAYS_SEARCH_USER_PATHS = NO;
				ASSETCATALOG_COMPILER_GENERATE_SWIFT_ASSET_SYMBOL_EXTENSIONS = YES;
				CLANG_ANALYZER_NONNULL = YES;
				CLANG_ANALYZER_NUMBER_OBJECT_CONVERSION = YES_AGGRESSIVE;
				CLANG_CXX_LANGUAGE_STANDARD = "gnu++20";
				CLANG_ENABLE_MODULES = YES;
				CLANG_ENABLE_OBJC_ARC = YES;
				CLANG_ENABLE_OBJC_WEAK = YES;
				CLANG_WARN_BLOCK_CAPTURE_AUTORELEASING = YES;
				CLANG_WARN_BOOL_CONVERSION = YES;
				CLANG_WARN_COMMA = YES;
				CLANG_WARN_CONSTANT_CONVERSION = YES;
				CLANG_WARN_DEPRECATED_OBJC_IMPLEMENTATIONS = YES;
				CLANG_WARN_DIRECT_OBJC_ISA_USAGE = YES_ERROR;
				CLANG_WARN_DOCUMENTATION_COMMENTS = YES;
				CLANG_WARN_EMPTY_BODY = YES;
				CLANG_WARN_ENUM_CONVERSION = YES;
				CLANG_WARN_INFINITE_RECURSION = YES;
				CLANG_WARN_INT_CONVERSION = YES;
				CLANG_WARN_NON_LITERAL_NULL_CONVERSION = YES;
				CLANG_WARN_OBJC_IMPLICIT_RETAIN_SELF = YES;
				CLANG_WARN_OBJC_LITERAL_CONVERSION = YES;
				CLANG_WARN_OBJC_ROOT_CLASS = YES_ERROR;
				CLANG_WARN_QUOTED_INCLUDE_IN_FRAMEWORK_HEADER = YES;
				CLANG_WARN_RANGE_LOOP_ANALYSIS = YES;
				CLANG_WARN_STRICT_PROTOTYPES = YES;
				CLANG_WARN_SUSPICIOUS_MOVE = YES;
				CLANG_WARN_UNGUARDED_AVAILABILITY = YES_AGGRESSIVE;
				CLANG_WARN_UNREACHABLE_CODE = YES;
				CLANG_WARN__DUPLICATE_METHOD_MATCH = YES;
				COPY_PHASE_STRIP = NO;
				DEBUG_INFORMATION_FORMAT = dwarf;
				ENABLE_STRICT_OBJC_MSGSEND = YES;
				ENABLE_TESTABILITY = YES;
				ENABLE_USER_SCRIPT_SANDBOXING = YES;
				GCC_C_LANGUAGE_STANDARD = gnu17;
				GCC_DYNAMIC_NO_PIC = NO;
				GCC_NO_COMMON_BLOCKS = YES;
				GCC_OPTIMIZATION_LEVEL = 0;
				GCC_PREPROCESSOR_DEFINITIONS = (
					"DEBUG=1",
					"$(inherited)",
				);
				GCC_WARN_64_TO_32_BIT_CONVERSION = YES;
				GCC_WARN_ABOUT_RETURN_TYPE = YES_ERROR;
				GCC_WARN_UNDECLARED_SELECTOR = YES;
				GCC_WARN_UNINITIALIZED_AUTOS = YES_AGGRESSIVE;
				GCC_WARN_UNUSED_FUNCTION = YES;
				GCC_WARN_UNUSED_VARIABLE = YES;
				IPHONEOS_DEPLOYMENT_TARGET = 26.2;
				LOCALIZATION_PREFERS_STRING_CATALOGS = YES;
				MTL_ENABLE_DEBUG_INFO = INCLUDE_SOURCE;
				MTL_FAST_MATH = YES;
				ONLY_ACTIVE_ARCH = YES;
				SDKROOT = iphoneos;
				STRING_CATALOG_GENERATE_SYMBOLS = YES;
				SWIFT_ACTIVE_COMPILATION_CONDITIONS = "DEBUG $(inherited)";
				SWIFT_OPTIMIZATION_LEVEL = "-Onone";
			};
			name = Debug;
		};
		0EE530D72F64CF610074B935 /* Release */ = {
			isa = XCBuildConfiguration;
			buildSettings = {
				ALWAYS_SEARCH_USER_PATHS = NO;
				ASSETCATALOG_COMPILER_GENERATE_SWIFT_ASSET_SYMBOL_EXTENSIONS = YES;
				CLANG_ANALYZER_NONNULL = YES;
				CLANG_ANALYZER_NUMBER_OBJECT_CONVERSION = YES_AGGRESSIVE;
				CLANG_CXX_LANGUAGE_STANDARD = "gnu++20";
				CLANG_ENABLE_MODULES = YES;
				CLANG_ENABLE_OBJC_ARC = YES;
				CLANG_ENABLE_OBJC_WEAK = YES;
				CLANG_WARN_BLOCK_CAPTURE_AUTORELEASING = YES;
				CLANG_WARN_BOOL_CONVERSION = YES;
				CLANG_WARN_COMMA = YES;
				CLANG_WARN_CONSTANT_CONVERSION = YES;
				CLANG_WARN_DEPRECATED_OBJC_IMPLEMENTATIONS = YES;
				CLANG_WARN_DIRECT_OBJC_ISA_USAGE = YES_ERROR;
				CLANG_WARN_DOCUMENTATION_COMMENTS = YES;
				CLANG_WARN_EMPTY_BODY = YES;
				CLANG_WARN_ENUM_CONVERSION = YES;
				CLANG_WARN_INFINITE_RECURSION = YES;
				CLANG_WARN_INT_CONVERSION = YES;
				CLANG_WARN_NON_LITERAL_NULL_CONVERSION = YES;
				CLANG_WARN_OBJC_IMPLICIT_RETAIN_SELF = YES;
				CLANG_WARN_OBJC_LITERAL_CONVERSION = YES;
				CLANG_WARN_OBJC_ROOT_CLASS = YES_ERROR;
				CLANG_WARN_QUOTED_INCLUDE_IN_FRAMEWORK_HEADER = YES;
				CLANG_WARN_RANGE_LOOP_ANALYSIS = YES;
				CLANG_WARN_STRICT_PROTOTYPES = YES;
				CLANG_WARN_SUSPICIOUS_MOVE = YES;
				CLANG_WARN_UNGUARDED_AVAILABILITY = YES_AGGRESSIVE;
				CLANG_WARN_UNREACHABLE_CODE = YES;
				CLANG_WARN__DUPLICATE_METHOD_MATCH = YES;
				COPY_PHASE_STRIP = NO;
				DEBUG_INFORMATION_FORMAT = "dwarf-with-dsym";
				ENABLE_NS_ASSERTIONS = NO;
				ENABLE_STRICT_OBJC_MSGSEND = YES;
				ENABLE_USER_SCRIPT_SANDBOXING = YES;
				GCC_C_LANGUAGE_STANDARD = gnu17;
				GCC_NO_COMMON_BLOCKS = YES;
				GCC_WARN_64_TO_32_BIT_CONVERSION = YES;
				GCC_WARN_ABOUT_RETURN_TYPE = YES_ERROR;
				GCC_WARN_UNDECLARED_SELECTOR = YES;
				GCC_WARN_UNINITIALIZED_AUTOS = YES_AGGRESSIVE;
				GCC_WARN_UNUSED_FUNCTION = YES;
				GCC_WARN_UNUSED_VARIABLE = YES;
				IPHONEOS_DEPLOYMENT_TARGET = 26.2;
				LOCALIZATION_PREFERS_STRING_CATALOGS = YES;
				MTL_ENABLE_DEBUG_INFO = NO;
				MTL_FAST_MATH = YES;
				SDKROOT = iphoneos;
				STRING_CATALOG_GENERATE_SYMBOLS = YES;
				SWIFT_COMPILATION_MODE = wholemodule;
				VALIDATE_PRODUCT = YES;
			};
			name = Release;
		};
		0EE530D92F64CF610074B935 /* Debug */ = {
			isa = XCBuildConfiguration;
			buildSettings = {
				ASSETCATALOG_COMPILER_APPICON_NAME = AppIcon;
				ASSETCATALOG_COMPILER_GLOBAL_ACCENT_COLOR_NAME = AccentColor;
				ASSETCATALOG_COMPILER_INCLUDE_ALL_APPICON_ASSETS = YES;
				CODE_SIGN_ENTITLEMENTS = Yomi/Yomi.entitlements;
				CODE_SIGN_STYLE = Automatic;
				CURRENT_PROJECT_VERSION = 1;
				ENABLE_PREVIEWS = YES;
				INFOPLIST_FILE = Yomi/Info.plist;
				LD_RUNPATH_SEARCH_PATHS = (
					"$(inherited)",
					"@executable_path/Frameworks",
				);
				MARKETING_VERSION = 1.0;
				PRODUCT_BUNDLE_IDENTIFIER = pacodealer.Yomi;
				PRODUCT_NAME = "$(TARGET_NAME)";
				STRING_CATALOG_GENERATE_SYMBOLS = YES;
				SWIFT_APPROACHABLE_CONCURRENCY = YES;
				SWIFT_DEFAULT_ACTOR_ISOLATION = MainActor;
				SWIFT_EMIT_LOC_STRINGS = YES;
				SWIFT_OBJC_BRIDGING_HEADER = "Yomi/Yomi-Bridging-Header.h";
				SWIFT_UPCOMING_FEATURE_MEMBER_IMPORT_VISIBILITY = YES;
				SWIFT_VERSION = 5.0;
				TARGETED_DEVICE_FAMILY = "1,2";
			};
			name = Debug;
		};
		0EE530DA2F64CF610074B935 /* Release */ = {
			isa = XCBuildConfiguration;
			buildSettings = {
				ASSETCATALOG_COMPILER_APPICON_NAME = AppIcon;
				ASSETCATALOG_COMPILER_GLOBAL_ACCENT_COLOR_NAME = AccentColor;
				ASSETCATALOG_COMPILER_INCLUDE_ALL_APPICON_ASSETS = YES;
				CODE_SIGN_ENTITLEMENTS = Yomi/Yomi-Release.entitlements;
				CODE_SIGN_STYLE = Automatic;
				CURRENT_PROJECT_VERSION = 1;
				ENABLE_PREVIEWS = YES;
				INFOPLIST_FILE = Yomi/Info.plist;
				LD_RUNPATH_SEARCH_PATHS = (
					"$(inherited)",
					"@executable_path/Frameworks",
				);
				MARKETING_VERSION = 1.0;
				PRODUCT_BUNDLE_IDENTIFIER = pacodealer.Yomi;
				PRODUCT_NAME = "$(TARGET_NAME)";
				STRING_CATALOG_GENERATE_SYMBOLS = YES;
				SWIFT_APPROACHABLE_CONCURRENCY = YES;
				SWIFT_DEFAULT_ACTOR_ISOLATION = MainActor;
				SWIFT_EMIT_LOC_STRINGS = YES;
				SWIFT_OBJC_BRIDGING_HEADER = "Yomi/Yomi-Bridging-Header.h";
				SWIFT_UPCOMING_FEATURE_MEMBER_IMPORT_VISIBILITY = YES;
				SWIFT_VERSION = 5.0;
				TARGETED_DEVICE_FAMILY = "1,2";
			};
			name = Release;
		};
		AABB0006AABB0006AABB0006 /* Debug */ = {
			isa = XCBuildConfiguration;
			buildSettings = {
				APPLICATION_EXTENSION_API_ONLY = YES;
				CODE_SIGN_ENTITLEMENTS = YomiWidget/YomiWidget.entitlements;
				CODE_SIGN_STYLE = Automatic;
				CURRENT_PROJECT_VERSION = 1;
				INFOPLIST_FILE = YomiWidget/Info.plist;
				IPHONEOS_DEPLOYMENT_TARGET = 26.2;
				LD_RUNPATH_SEARCH_PATHS = (
					"$(inherited)",
					"@executable_path/Frameworks",
					"@executable_path/../../Frameworks",
				);
				MARKETING_VERSION = 1.0;
				PRODUCT_BUNDLE_IDENTIFIER = pacodealer.Yomi.widget;
				PRODUCT_NAME = "$(TARGET_NAME)";
				SDKROOT = iphoneos;
				SKIP_INSTALL = YES;
				SWIFT_APPROACHABLE_CONCURRENCY = YES;
				SWIFT_DEFAULT_ACTOR_ISOLATION = MainActor;
				SWIFT_VERSION = 5.0;
				TARGETED_DEVICE_FAMILY = "1,2";
			};
			name = Debug;
		};
		AABB0007AABB0007AABB0007 /* Release */ = {
			isa = XCBuildConfiguration;
			buildSettings = {
				APPLICATION_EXTENSION_API_ONLY = YES;
				CODE_SIGN_ENTITLEMENTS = YomiWidget/YomiWidget.entitlements;
				CODE_SIGN_STYLE = Automatic;
				CURRENT_PROJECT_VERSION = 1;
				INFOPLIST_FILE = YomiWidget/Info.plist;
				IPHONEOS_DEPLOYMENT_TARGET = 26.2;
				LD_RUNPATH_SEARCH_PATHS = (
					"$(inherited)",
					"@executable_path/Frameworks",
					"@executable_path/../../Frameworks",
				);
				MARKETING_VERSION = 1.0;
				PRODUCT_BUNDLE_IDENTIFIER = pacodealer.Yomi.widget;
				PRODUCT_NAME = "$(TARGET_NAME)";
				SDKROOT = iphoneos;
				SKIP_INSTALL = YES;
				SWIFT_APPROACHABLE_CONCURRENCY = YES;
				SWIFT_DEFAULT_ACTOR_ISOLATION = MainActor;
				SWIFT_VERSION = 5.0;
				TARGETED_DEVICE_FAMILY = "1,2";
			};
			name = Release;
		};
/* End XCBuildConfiguration section */

/* Begin XCConfigurationList section */
		0EE530C82F64CF600074B935 /* Build configuration list for PBXProject "Yomi" */ = {
			isa = XCConfigurationList;
			buildConfigurations = (
				0EE530D62F64CF610074B935 /* Debug */,
				0EE530D72F64CF610074B935 /* Release */,
			);
			defaultConfigurationIsVisible = 0;
			defaultConfigurationName = Release;
		};
		0EE530D82F64CF610074B935 /* Build configuration list for PBXNativeTarget "Yomi" */ = {
			isa = XCConfigurationList;
			buildConfigurations = (
				0EE530D92F64CF610074B935 /* Debug */,
				0EE530DA2F64CF610074B935 /* Release */,
			);
			defaultConfigurationIsVisible = 0;
			defaultConfigurationName = Release;
		};
		AABB0008AABB0008AABB0008 /* Build configuration list for PBXNativeTarget "YomiWidget" */ = {
			isa = XCConfigurationList;
			buildConfigurations = (
				AABB0006AABB0006AABB0006 /* Debug */,
				AABB0007AABB0007AABB0007 /* Release */,
			);
			defaultConfigurationIsVisible = 0;
			defaultConfigurationName = Release;
		};
/* End XCConfigurationList section */

/* Begin XCRemoteSwiftPackageReference section */
		0E2B3AB02F658FC9006E6D41 /* XCRemoteSwiftPackageReference "GRDB" */ = {
			isa = XCRemoteSwiftPackageReference;
			repositoryURL = "https://github.com/groue/GRDB.swift";
			requirement = {
				kind = upToNextMajorVersion;
				minimumVersion = 7.0.0;
			};
		};
		9BD83372FC5C47E0A7DCBBB8 /* XCRemoteSwiftPackageReference "Kingfisher" */ = {
			isa = XCRemoteSwiftPackageReference;
			repositoryURL = "https://github.com/onevcat/Kingfisher";
			requirement = {
				kind = upToNextMajorVersion;
				minimumVersion = 8.0.0;
			};
		};
/* End XCRemoteSwiftPackageReference section */

/* Begin XCSwiftPackageProductDependency section */
		0E2B3AB12F658FC9006E6D41 /* GRDB */ = {
			isa = XCSwiftPackageProductDependency;
			package = 0E2B3AB02F658FC9006E6D41 /* XCRemoteSwiftPackageReference "GRDB" */;
			productName = GRDB;
		};
		514D11379D494BB1B5834DDA /* Kingfisher */ = {
			isa = XCSwiftPackageProductDependency;
			package = 9BD83372FC5C47E0A7DCBBB8 /* XCRemoteSwiftPackageReference "Kingfisher" */;
			productName = Kingfisher;
		};
/* End XCSwiftPackageProductDependency section */
	};
	rootObject = 0EE530C52F64CF600074B935 /* Project object */;
}
